
Microsoft Visual Studio Solution File, Format Version 12.00
# Visual Studio Version 17
VisualStudioVersion = 17.10.35013.160
MinimumVisualStudioVersion = 10.0.40219.1
Project("{FAE04EC0-301F-11D3-BF4B-00C04F79EFBC}") = "PushAPI.Server", "Server\PushAPI.Server.csproj", "{F3413F40-F153-4179-88F3-227AB05C7870}"
EndProject
Project("{FAE04EC0-301F-11D3-BF4B-00C04F79EFBC}") = "PushAPI.Client", "Client\PushAPI.Client.csproj", "{2E7F5A19-D2DA-40E2-9D8B-1A6D19148B04}"
EndProject
Project("{FAE04EC0-301F-11D3-BF4B-00C04F79EFBC}") = "PushAPI.Shared", "Shared\PushAPI.Shared.csproj", "{DC532964-D683-41F8-BAEA-6ED2E32BED0E}"
EndProject
Global
	GlobalSection(SolutionConfigurationPlatforms) = preSolution
		Debug|Any CPU = Debug|Any CPU
		Release|Any CPU = Release|Any CPU
	EndGlobalSection
	GlobalSection(ProjectConfigurationPlatforms) = postSolution
		{F3413F40-F153-4179-88F3-227AB05C7870}.Debug|Any CPU.ActiveCfg = Debug|Any CPU
		{F3413F40-F153-4179-88F3-227AB05C7870}.Debug|Any CPU.Build.0 = Debug|Any CPU
		{F3413F40-F153-4179-88F3-227AB05C7870}.Release|Any CPU.ActiveCfg = Release|Any CPU
		{F3413F40-F153-4179-88F3-227AB05C7870}.Release|Any CPU.Build.0 = Release|Any CPU
		{2E7F5A19-D2DA-40E2-9D8B-1A6D19148B04}.Debug|Any CPU.ActiveCfg = Debug|Any CPU
		{2E7F5A19-D2DA-40E2-9D8B-1A6D19148B04}.Debug|Any CPU.Build.0 = Debug|Any CPU
		{2E7F5A19-D2DA-40E2-9D8B-1A6D19148B04}.Release|Any CPU.ActiveCfg = Release|Any CPU
		{2E7F5A19-D2DA-40E2-9D8B-1A6D19148B04}.Release|Any CPU.Build.0 = Release|Any CPU
		{DC532964-D683-41F8-BAEA-6ED2E32BED0E}.Debug|Any CPU.ActiveCfg = Debug|Any CPU
		{DC532964-D683-41F8-BAEA-6ED2E32BED0E}.Debug|Any CPU.Build.0 = Debug|Any CPU
		{DC532964-D683-41F8-BAEA-6ED2E32BED0E}.Release|Any CPU.ActiveCfg = Release|Any CPU
		{DC532964-D683-41F8-BAEA-6ED2E32BED0E}.Release|Any CPU.Build.0 = Release|Any CPU
	EndGlobalSection
	GlobalSection(SolutionProperties) = preSolution
		HideSolutionNode = FALSE
	EndGlobalSection
	GlobalSection(ExtensibilityGlobals) = postSolution
		SolutionGuid = {930F3264-0400-47C8-89B8-914223C4910E}
	EndGlobalSection
EndGlobal
